
Microsoft Visual Studio Solution File, Format Version 12.00
# Visual Studio Version 16
Project("{8BC9CEB8-8B4A-11D0-8D11-00A0C91BC942}") = "ALL_BUILD", "ALL_BUILD.vcxproj", "{35EA3AEB-EF5E-3FC3-AF7A-F11EA8C0E913}"
	ProjectSection(ProjectDependencies) = postProject
		{9F5D6809-C314-3C40-91ED-A830EFB6719C} = {9F5D6809-C314-3C40-91ED-A830EFB6719C}
		{28F9ABF1-49E8-3124-AD48-9BAD80382CE3} = {28F9ABF1-49E8-3124-AD48-9BAD80382CE3}
		{5336BAF3-FE42-3B9C-A644-5A02345C3ED4} = {5336BAF3-FE42-3B9C-A644-5A02345C3ED4}
		{2C68A282-FC97-39B6-AED0-357FDF2E08CB} = {2C68A282-FC97-39B6-AED0-357FDF2E08CB}
		{C76E12CF-0329-3701-A453-A9EDD0B41B61} = {C76E12CF-0329-3701-A453-A9EDD0B41B61}
	EndProjectSection
EndProject
Project("{8BC9CEB8-8B4A-11D0-8D11-00A0C91BC942}") = "INSTALL", "INSTALL.vcxproj", "{0D68085F-624E-3138-8E64-EE3B73AFE61B}"
	ProjectSection(ProjectDependencies) = postProject
		{35EA3AEB-EF5E-3FC3-AF7A-F11EA8C0E913} = {35EA3AEB-EF5E-3FC3-AF7A-F11EA8C0E913}
		{9F5D6809-C314-3C40-91ED-A830EFB6719C} = {9F5D6809-C314-3C40-91ED-A830EFB6719C}
	EndProjectSection
EndProject
Project("{8BC9CEB8-8B4A-11D0-8D11-00A0C91BC942}") = "RUN_TESTS", "RUN_TESTS.vcxproj", "{19065914-51AC-30F1-9A6A-75A0655C42D4}"
	ProjectSection(ProjectDependencies) = postProject
		{9F5D6809-C314-3C40-91ED-A830EFB6719C} = {9F5D6809-C314-3C40-91ED-A830EFB6719C}
	EndProjectSection
EndProject
Project("{8BC9CEB8-8B4A-11D0-8D11-00A0C91BC942}") = "ZERO_CHECK", "..\\ZERO_CHECK.vcxproj", "{9F5D6809-C314-3C40-91ED-A830EFB6719C}"
	ProjectSection(ProjectDependencies) = postProject
	EndProjectSection
EndProject
Project("{8BC9CEB8-8B4A-11D0-8D11-00A0C91BC942}") = "gmock", "gmock.vcxproj", "{28F9ABF1-49E8-3124-AD48-9BAD80382CE3}"
	ProjectSection(ProjectDependencies) = postProject
		{9F5D6809-C314-3C40-91ED-A830EFB6719C} = {9F5D6809-C314-3C40-91ED-A830EFB6719C}
	EndProjectSection
EndProject
Project("{8BC9CEB8-8B4A-11D0-8D11-00A0C91BC942}") = "gmock_main", "gmock_main.vcxproj", "{5336BAF3-FE42-3B9C-A644-5A02345C3ED4}"
	ProjectSection(ProjectDependencies) = postProject
		{9F5D6809-C314-3C40-91ED-A830EFB6719C} = {9F5D6809-C314-3C40-91ED-A830EFB6719C}
	EndProjectSection
EndProject
Project("{8BC9CEB8-8B4A-11D0-8D11-00A0C91BC942}") = "gtest", "..\googletest\gtest.vcxproj", "{2C68A282-FC97-39B6-AED0-357FDF2E08CB}"
	ProjectSection(ProjectDependencies) = postProject
		{9F5D6809-C314-3C40-91ED-A830EFB6719C} = {9F5D6809-C314-3C40-91ED-A830EFB6719C}
	EndProjectSection
EndProject
Project("{8BC9CEB8-8B4A-11D0-8D11-00A0C91BC942}") = "gtest_main", "..\googletest\gtest_main.vcxproj", "{C76E12CF-0329-3701-A453-A9EDD0B41B61}"
	ProjectSection(ProjectDependencies) = postProject
		{9F5D6809-C314-3C40-91ED-A830EFB6719C} = {9F5D6809-C314-3C40-91ED-A830EFB6719C}
		{2C68A282-FC97-39B6-AED0-357FDF2E08CB} = {2C68A282-FC97-39B6-AED0-357FDF2E08CB}
	EndProjectSection
EndProject
Global
	GlobalSection(SolutionConfigurationPlatforms) = preSolution
		Debug|x64 = Debug|x64
		Release|x64 = Release|x64
		MinSizeRel|x64 = MinSizeRel|x64
		RelWithDebInfo|x64 = RelWithDebInfo|x64
	EndGlobalSection
	GlobalSection(ProjectConfigurationPlatforms) = postSolution
		{35EA3AEB-EF5E-3FC3-AF7A-F11EA8C0E913}.Debug|x64.ActiveCfg = Debug|x64
		{35EA3AEB-EF5E-3FC3-AF7A-F11EA8C0E913}.Debug|x64.Build.0 = Debug|x64
		{35EA3AEB-EF5E-3FC3-AF7A-F11EA8C0E913}.Release|x64.ActiveCfg = Release|x64
		{35EA3AEB-EF5E-3FC3-AF7A-F11EA8C0E913}.Release|x64.Build.0 = Release|x64
		{35EA3AEB-EF5E-3FC3-AF7A-F11EA8C0E913}.MinSizeRel|x64.ActiveCfg = MinSizeRel|x64
		{35EA3AEB-EF5E-3FC3-AF7A-F11EA8C0E913}.MinSizeRel|x64.Build.0 = MinSizeRel|x64
		{35EA3AEB-EF5E-3FC3-AF7A-F11EA8C0E913}.RelWithDebInfo|x64.ActiveCfg = RelWithDebInfo|x64
		{35EA3AEB-EF5E-3FC3-AF7A-F11EA8C0E913}.RelWithDebInfo|x64.Build.0 = RelWithDebInfo|x64
		{0D68085F-624E-3138-8E64-EE3B73AFE61B}.Debug|x64.ActiveCfg = Debug|x64
		{0D68085F-624E-3138-8E64-EE3B73AFE61B}.Release|x64.ActiveCfg = Release|x64
		{0D68085F-624E-3138-8E64-EE3B73AFE61B}.MinSizeRel|x64.ActiveCfg = MinSizeRel|x64
		{0D68085F-624E-3138-8E64-EE3B73AFE61B}.RelWithDebInfo|x64.ActiveCfg = RelWithDebInfo|x64
		{19065914-51AC-30F1-9A6A-75A0655C42D4}.Debug|x64.ActiveCfg = Debug|x64
		{19065914-51AC-30F1-9A6A-75A0655C42D4}.Release|x64.ActiveCfg = Release|x64
		{19065914-51AC-30F1-9A6A-75A0655C42D4}.MinSizeRel|x64.ActiveCfg = MinSizeRel|x64
		{19065914-51AC-30F1-9A6A-75A0655C42D4}.RelWithDebInfo|x64.ActiveCfg = RelWithDebInfo|x64
		{9F5D6809-C314-3C40-91ED-A830EFB6719C}.Debug|x64.ActiveCfg = Debug|x64
		{9F5D6809-C314-3C40-91ED-A830EFB6719C}.Debug|x64.Build.0 = Debug|x64
		{9F5D6809-C314-3C40-91ED-A830EFB6719C}.Release|x64.ActiveCfg = Release|x64
		{9F5D6809-C314-3C40-91ED-A830EFB6719C}.Release|x64.Build.0 = Release|x64
		{9F5D6809-C314-3C40-91ED-A830EFB6719C}.MinSizeRel|x64.ActiveCfg = MinSizeRel|x64
		{9F5D6809-C314-3C40-91ED-A830EFB6719C}.MinSizeRel|x64.Build.0 = MinSizeRel|x64
		{9F5D6809-C314-3C40-91ED-A830EFB6719C}.RelWithDebInfo|x64.ActiveCfg = RelWithDebInfo|x64
		{9F5D6809-C314-3C40-91ED-A830EFB6719C}.RelWithDebInfo|x64.Build.0 = RelWithDebInfo|x64
		{28F9ABF1-49E8-3124-AD48-9BAD80382CE3}.Debug|x64.ActiveCfg = Debug|x64
		{28F9ABF1-49E8-3124-AD48-9BAD80382CE3}.Debug|x64.Build.0 = Debug|x64
		{28F9ABF1-49E8-3124-AD48-9BAD80382CE3}.Release|x64.ActiveCfg = Release|x64
		{28F9ABF1-49E8-3124-AD48-9BAD80382CE3}.Release|x64.Build.0 = Release|x64
		{28F9ABF1-49E8-3124-AD48-9BAD80382CE3}.MinSizeRel|x64.ActiveCfg = MinSizeRel|x64
		{28F9ABF1-49E8-3124-AD48-9BAD80382CE3}.MinSizeRel|x64.Build.0 = MinSizeRel|x64
		{28F9ABF1-49E8-3124-AD48-9BAD80382CE3}.RelWithDebInfo|x64.ActiveCfg = RelWithDebInfo|x64
		{28F9ABF1-49E8-3124-AD48-9BAD80382CE3}.RelWithDebInfo|x64.Build.0 = RelWithDebInfo|x64
		{5336BAF3-FE42-3B9C-A644-5A02345C3ED4}.Debug|x64.ActiveCfg = Debug|x64
		{5336BAF3-FE42-3B9C-A644-5A02345C3ED4}.Debug|x64.Build.0 = Debug|x64
		{5336BAF3-FE42-3B9C-A644-5A02345C3ED4}.Release|x64.ActiveCfg = Release|x64
		{5336BAF3-FE42-3B9C-A644-5A02345C3ED4}.Release|x64.Build.0 = Release|x64
		{5336BAF3-FE42-3B9C-A644-5A02345C3ED4}.MinSizeRel|x64.ActiveCfg = MinSizeRel|x64
		{5336BAF3-FE42-3B9C-A644-5A02345C3ED4}.MinSizeRel|x64.Build.0 = MinSizeRel|x64
		{5336BAF3-FE42-3B9C-A644-5A02345C3ED4}.RelWithDebInfo|x64.ActiveCfg = RelWithDebInfo|x64
		{5336BAF3-FE42-3B9C-A644-5A02345C3ED4}.RelWithDebInfo|x64.Build.0 = RelWithDebInfo|x64
		{2C68A282-FC97-39B6-AED0-357FDF2E08CB}.Debug|x64.ActiveCfg = Debug|x64
		{2C68A282-FC97-39B6-AED0-357FDF2E08CB}.Debug|x64.Build.0 = Debug|x64
		{2C68A282-FC97-39B6-AED0-357FDF2E08CB}.Release|x64.ActiveCfg = Release|x64
		{2C68A282-FC97-39B6-AED0-357FDF2E08CB}.Release|x64.Build.0 = Release|x64
		{2C68A282-FC97-39B6-AED0-357FDF2E08CB}.MinSizeRel|x64.ActiveCfg = MinSizeRel|x64
		{2C68A282-FC97-39B6-AED0-357FDF2E08CB}.MinSizeRel|x64.Build.0 = MinSizeRel|x64
		{2C68A282-FC97-39B6-AED0-357FDF2E08CB}.RelWithDebInfo|x64.ActiveCfg = RelWithDebInfo|x64
		{2C68A282-FC97-39B6-AED0-357FDF2E08CB}.RelWithDebInfo|x64.Build.0 = RelWithDebInfo|x64
		{C76E12CF-0329-3701-A453-A9EDD0B41B61}.Debug|x64.ActiveCfg = Debug|x64
		{C76E12CF-0329-3701-A453-A9EDD0B41B61}.Debug|x64.Build.0 = Debug|x64
		{C76E12CF-0329-3701-A453-A9EDD0B41B61}.Release|x64.ActiveCfg = Release|x64
		{C76E12CF-0329-3701-A453-A9EDD0B41B61}.Release|x64.Build.0 = Release|x64
		{C76E12CF-0329-3701-A453-A9EDD0B41B61}.MinSizeRel|x64.ActiveCfg = MinSizeRel|x64
		{C76E12CF-0329-3701-A453-A9EDD0B41B61}.MinSizeRel|x64.Build.0 = MinSizeRel|x64
		{C76E12CF-0329-3701-A453-A9EDD0B41B61}.RelWithDebInfo|x64.ActiveCfg = RelWithDebInfo|x64
		{C76E12CF-0329-3701-A453-A9EDD0B41B61}.RelWithDebInfo|x64.Build.0 = RelWithDebInfo|x64
	EndGlobalSection
	GlobalSection(ExtensibilityGlobals) = postSolution
		SolutionGuid = {C0EB2989-A8CE-3282-904C-627B366D95E0}
	EndGlobalSection
	GlobalSection(ExtensibilityAddIns) = postSolution
	EndGlobalSection
EndGlobal
