
Microsoft Visual Studio Solution File, Format Version 12.00
# Visual Studio Version 16
Project("{8BC9CEB8-8B4A-11D0-8D11-00A0C91BC942}") = "ALL_BUILD", "ALL_BUILD.vcxproj", "{97361891-7EE7-38B8-BC75-1580B1EF3552}"
	ProjectSection(ProjectDependencies) = postProject
		{D08F191A-8301-3CD2-AD73-AA15F7E168C9} = {D08F191A-8301-3CD2-AD73-AA15F7E168C9}
		{13DBA47A-5B52-3863-8B6F-1EA828D9FB11} = {13DBA47A-5B52-3863-8B6F-1EA828D9FB11}
		{BCF4A869-C917-380D-813D-5F152A474273} = {BCF4A869-C917-380D-813D-5F152A474273}
		{74211700-CBBB-349B-BF88-B2BFB1ABBF06} = {74211700-CBBB-349B-BF88-B2BFB1ABBF06}
		{0C86C9BB-D078-3E97-A602-3050AEA8449C} = {0C86C9BB-D078-3E97-A602-3050AEA8449C}
	EndProjectSection
EndProject
Project("{8BC9CEB8-8B4A-11D0-8D11-00A0C91BC942}") = "INSTALL", "INSTALL.vcxproj", "{C50F2711-6887-3451-A5CE-3EE5E9F44211}"
	ProjectSection(ProjectDependencies) = postProject
		{97361891-7EE7-38B8-BC75-1580B1EF3552} = {97361891-7EE7-38B8-BC75-1580B1EF3552}
		{D08F191A-8301-3CD2-AD73-AA15F7E168C9} = {D08F191A-8301-3CD2-AD73-AA15F7E168C9}
	EndProjectSection
EndProject
Project("{8BC9CEB8-8B4A-11D0-8D11-00A0C91BC942}") = "ZERO_CHECK", "..\..\..\\ZERO_CHECK.vcxproj", "{D08F191A-8301-3CD2-AD73-AA15F7E168C9}"
	ProjectSection(ProjectDependencies) = postProject
	EndProjectSection
EndProject
Project("{8BC9CEB8-8B4A-11D0-8D11-00A0C91BC942}") = "gmock", "googlemock\gmock.vcxproj", "{13DBA47A-5B52-3863-8B6F-1EA828D9FB11}"
	ProjectSection(ProjectDependencies) = postProject
		{D08F191A-8301-3CD2-AD73-AA15F7E168C9} = {D08F191A-8301-3CD2-AD73-AA15F7E168C9}
	EndProjectSection
EndProject
Project("{8BC9CEB8-8B4A-11D0-8D11-00A0C91BC942}") = "gmock_main", "googlemock\gmock_main.vcxproj", "{BCF4A869-C917-380D-813D-5F152A474273}"
	ProjectSection(ProjectDependencies) = postProject
		{D08F191A-8301-3CD2-AD73-AA15F7E168C9} = {D08F191A-8301-3CD2-AD73-AA15F7E168C9}
	EndProjectSection
EndProject
Project("{8BC9CEB8-8B4A-11D0-8D11-00A0C91BC942}") = "gtest", "googletest\gtest.vcxproj", "{74211700-CBBB-349B-BF88-B2BFB1ABBF06}"
	ProjectSection(ProjectDependencies) = postProject
		{D08F191A-8301-3CD2-AD73-AA15F7E168C9} = {D08F191A-8301-3CD2-AD73-AA15F7E168C9}
	EndProjectSection
EndProject
Project("{8BC9CEB8-8B4A-11D0-8D11-00A0C91BC942}") = "gtest_main", "googletest\gtest_main.vcxproj", "{0C86C9BB-D078-3E97-A602-3050AEA8449C}"
	ProjectSection(ProjectDependencies) = postProject
		{D08F191A-8301-3CD2-AD73-AA15F7E168C9} = {D08F191A-8301-3CD2-AD73-AA15F7E168C9}
		{74211700-CBBB-349B-BF88-B2BFB1ABBF06} = {74211700-CBBB-349B-BF88-B2BFB1ABBF06}
	EndProjectSection
EndProject
Global
	GlobalSection(SolutionConfigurationPlatforms) = preSolution
		Debug|x64 = Debug|x64
		Release|x64 = Release|x64
		MinSizeRel|x64 = MinSizeRel|x64
		RelWithDebInfo|x64 = RelWithDebInfo|x64
	EndGlobalSection
	GlobalSection(ProjectConfigurationPlatforms) = postSolution
		{97361891-7EE7-38B8-BC75-1580B1EF3552}.Debug|x64.ActiveCfg = Debug|x64
		{97361891-7EE7-38B8-BC75-1580B1EF3552}.Debug|x64.Build.0 = Debug|x64
		{97361891-7EE7-38B8-BC75-1580B1EF3552}.Release|x64.ActiveCfg = Release|x64
		{97361891-7EE7-38B8-BC75-1580B1EF3552}.Release|x64.Build.0 = Release|x64
		{97361891-7EE7-38B8-BC75-1580B1EF3552}.MinSizeRel|x64.ActiveCfg = MinSizeRel|x64
		{97361891-7EE7-38B8-BC75-1580B1EF3552}.MinSizeRel|x64.Build.0 = MinSizeRel|x64
		{97361891-7EE7-38B8-BC75-1580B1EF3552}.RelWithDebInfo|x64.ActiveCfg = RelWithDebInfo|x64
		{97361891-7EE7-38B8-BC75-1580B1EF3552}.RelWithDebInfo|x64.Build.0 = RelWithDebInfo|x64
		{C50F2711-6887-3451-A5CE-3EE5E9F44211}.Debug|x64.ActiveCfg = Debug|x64
		{C50F2711-6887-3451-A5CE-3EE5E9F44211}.Release|x64.ActiveCfg = Release|x64
		{C50F2711-6887-3451-A5CE-3EE5E9F44211}.MinSizeRel|x64.ActiveCfg = MinSizeRel|x64
		{C50F2711-6887-3451-A5CE-3EE5E9F44211}.RelWithDebInfo|x64.ActiveCfg = RelWithDebInfo|x64
		{D08F191A-8301-3CD2-AD73-AA15F7E168C9}.Debug|x64.ActiveCfg = Debug|x64
		{D08F191A-8301-3CD2-AD73-AA15F7E168C9}.Debug|x64.Build.0 = Debug|x64
		{D08F191A-8301-3CD2-AD73-AA15F7E168C9}.Release|x64.ActiveCfg = Release|x64
		{D08F191A-8301-3CD2-AD73-AA15F7E168C9}.Release|x64.Build.0 = Release|x64
		{D08F191A-8301-3CD2-AD73-AA15F7E168C9}.MinSizeRel|x64.ActiveCfg = MinSizeRel|x64
		{D08F191A-8301-3CD2-AD73-AA15F7E168C9}.MinSizeRel|x64.Build.0 = MinSizeRel|x64
		{D08F191A-8301-3CD2-AD73-AA15F7E168C9}.RelWithDebInfo|x64.ActiveCfg = RelWithDebInfo|x64
		{D08F191A-8301-3CD2-AD73-AA15F7E168C9}.RelWithDebInfo|x64.Build.0 = RelWithDebInfo|x64
		{13DBA47A-5B52-3863-8B6F-1EA828D9FB11}.Debug|x64.ActiveCfg = Debug|x64
		{13DBA47A-5B52-3863-8B6F-1EA828D9FB11}.Debug|x64.Build.0 = Debug|x64
		{13DBA47A-5B52-3863-8B6F-1EA828D9FB11}.Release|x64.ActiveCfg = Release|x64
		{13DBA47A-5B52-3863-8B6F-1EA828D9FB11}.Release|x64.Build.0 = Release|x64
		{13DBA47A-5B52-3863-8B6F-1EA828D9FB11}.MinSizeRel|x64.ActiveCfg = MinSizeRel|x64
		{13DBA47A-5B52-3863-8B6F-1EA828D9FB11}.MinSizeRel|x64.Build.0 = MinSizeRel|x64
		{13DBA47A-5B52-3863-8B6F-1EA828D9FB11}.RelWithDebInfo|x64.ActiveCfg = RelWithDebInfo|x64
		{13DBA47A-5B52-3863-8B6F-1EA828D9FB11}.RelWithDebInfo|x64.Build.0 = RelWithDebInfo|x64
		{BCF4A869-C917-380D-813D-5F152A474273}.Debug|x64.ActiveCfg = Debug|x64
		{BCF4A869-C917-380D-813D-5F152A474273}.Debug|x64.Build.0 = Debug|x64
		{BCF4A869-C917-380D-813D-5F152A474273}.Release|x64.ActiveCfg = Release|x64
		{BCF4A869-C917-380D-813D-5F152A474273}.Release|x64.Build.0 = Release|x64
		{BCF4A869-C917-380D-813D-5F152A474273}.MinSizeRel|x64.ActiveCfg = MinSizeRel|x64
		{BCF4A869-C917-380D-813D-5F152A474273}.MinSizeRel|x64.Build.0 = MinSizeRel|x64
		{BCF4A869-C917-380D-813D-5F152A474273}.RelWithDebInfo|x64.ActiveCfg = RelWithDebInfo|x64
		{BCF4A869-C917-380D-813D-5F152A474273}.RelWithDebInfo|x64.Build.0 = RelWithDebInfo|x64
		{74211700-CBBB-349B-BF88-B2BFB1ABBF06}.Debug|x64.ActiveCfg = Debug|x64
		{74211700-CBBB-349B-BF88-B2BFB1ABBF06}.Debug|x64.Build.0 = Debug|x64
		{74211700-CBBB-349B-BF88-B2BFB1ABBF06}.Release|x64.ActiveCfg = Release|x64
		{74211700-CBBB-349B-BF88-B2BFB1ABBF06}.Release|x64.Build.0 = Release|x64
		{74211700-CBBB-349B-BF88-B2BFB1ABBF06}.MinSizeRel|x64.ActiveCfg = MinSizeRel|x64
		{74211700-CBBB-349B-BF88-B2BFB1ABBF06}.MinSizeRel|x64.Build.0 = MinSizeRel|x64
		{74211700-CBBB-349B-BF88-B2BFB1ABBF06}.RelWithDebInfo|x64.ActiveCfg = RelWithDebInfo|x64
		{74211700-CBBB-349B-BF88-B2BFB1ABBF06}.RelWithDebInfo|x64.Build.0 = RelWithDebInfo|x64
		{0C86C9BB-D078-3E97-A602-3050AEA8449C}.Debug|x64.ActiveCfg = Debug|x64
		{0C86C9BB-D078-3E97-A602-3050AEA8449C}.Debug|x64.Build.0 = Debug|x64
		{0C86C9BB-D078-3E97-A602-3050AEA8449C}.Release|x64.ActiveCfg = Release|x64
		{0C86C9BB-D078-3E97-A602-3050AEA8449C}.Release|x64.Build.0 = Release|x64
		{0C86C9BB-D078-3E97-A602-3050AEA8449C}.MinSizeRel|x64.ActiveCfg = MinSizeRel|x64
		{0C86C9BB-D078-3E97-A602-3050AEA8449C}.MinSizeRel|x64.Build.0 = MinSizeRel|x64
		{0C86C9BB-D078-3E97-A602-3050AEA8449C}.RelWithDebInfo|x64.ActiveCfg = RelWithDebInfo|x64
		{0C86C9BB-D078-3E97-A602-3050AEA8449C}.RelWithDebInfo|x64.Build.0 = RelWithDebInfo|x64
	EndGlobalSection
	GlobalSection(ExtensibilityGlobals) = postSolution
		SolutionGuid = {35861CAB-79CC-3EC8-8BC3-CB212E681755}
	EndGlobalSection
	GlobalSection(ExtensibilityAddIns) = postSolution
	EndGlobalSection
EndGlobal
